
Microsoft Visual Studio Solution File, Format Version 12.00
# Visual Studio 15
VisualStudioVersion = 15.0.28307.1684
MinimumVisualStudioVersion = 10.0.40219.1
Project("{FAE04EC0-301F-11D3-BF4B-00C04F79EFBC}") = "Dungeon", "Dungeon\Dungeon.csproj", "{9EE06CE3-22B5-42B0-9279-4D0FA3761E40}"
EndProject
Project("{FAE04EC0-301F-11D3-BF4B-00C04F79EFBC}") = "DungeonLibrary", "DungeonLibrary\DungeonLibrary.csproj", "{0D0B4D4A-6B17-4568-99F3-3E16915D76CD}"
EndProject
Project("{FAE04EC0-301F-11D3-BF4B-00C04F79EFBC}") = "VillainLibrary", "VillainLibrary\VillainLibrary.csproj", "{219FC7B3-6419-411B-9887-7D657C500250}"
EndProject
Global
	GlobalSection(SolutionConfigurationPlatforms) = preSolution
		Debug|Any CPU = Debug|Any CPU
		Release|Any CPU = Release|Any CPU
	EndGlobalSection
	GlobalSection(ProjectConfigurationPlatforms) = postSolution
		{9EE06CE3-22B5-42B0-9279-4D0FA3761E40}.Debug|Any CPU.ActiveCfg = Debug|Any CPU
		{9EE06CE3-22B5-42B0-9279-4D0FA3761E40}.Debug|Any CPU.Build.0 = Debug|Any CPU
		{9EE06CE3-22B5-42B0-9279-4D0FA3761E40}.Release|Any CPU.ActiveCfg = Release|Any CPU
		{9EE06CE3-22B5-42B0-9279-4D0FA3761E40}.Release|Any CPU.Build.0 = Release|Any CPU
		{0D0B4D4A-6B17-4568-99F3-3E16915D76CD}.Debug|Any CPU.ActiveCfg = Debug|Any CPU
		{0D0B4D4A-6B17-4568-99F3-3E16915D76CD}.Debug|Any CPU.Build.0 = Debug|Any CPU
		{0D0B4D4A-6B17-4568-99F3-3E16915D76CD}.Release|Any CPU.ActiveCfg = Release|Any CPU
		{0D0B4D4A-6B17-4568-99F3-3E16915D76CD}.Release|Any CPU.Build.0 = Release|Any CPU
		{219FC7B3-6419-411B-9887-7D657C500250}.Debug|Any CPU.ActiveCfg = Debug|Any CPU
		{219FC7B3-6419-411B-9887-7D657C500250}.Debug|Any CPU.Build.0 = Debug|Any CPU
		{219FC7B3-6419-411B-9887-7D657C500250}.Release|Any CPU.ActiveCfg = Release|Any CPU
		{219FC7B3-6419-411B-9887-7D657C500250}.Release|Any CPU.Build.0 = Release|Any CPU
	EndGlobalSection
	GlobalSection(SolutionProperties) = preSolution
		HideSolutionNode = FALSE
	EndGlobalSection
	GlobalSection(ExtensibilityGlobals) = postSolution
		SolutionGuid = {DACDA81C-39DE-47F9-850C-308E919B5BE4}
	EndGlobalSection
EndGlobal
